
Microsoft Visual Studio Solution File, Format Version 12.00
# Visual Studio Version 17
VisualStudioVersion = 17.6.33815.320
MinimumVisualStudioVersion = 10.0.40219.1
Project("{FAE04EC0-301F-11D3-BF4B-00C04F79EFBC}") = "MyProject", "MyProject\MyProject.csproj", "{2A12246C-6A2D-4C3E-B921-5F94E15AAF6B}"
EndProject
Global
	GlobalSection(SolutionConfigurationPlatforms) = preSolution
		Debug|Any CPU = Debug|Any CPU
		Release|Any CPU = Release|Any CPU
	EndGlobalSection
	GlobalSection(ProjectConfigurationPlatforms) = postSolution
		{2A12246C-6A2D-4C3E-B921-5F94E15AAF6B}.Debug|Any CPU.ActiveCfg = Debug|Any CPU
		{2A12246C-6A2D-4C3E-B921-5F94E15AAF6B}.Debug|Any CPU.Build.0 = Debug|Any CPU
		{2A12246C-6A2D-4C3E-B921-5F94E15AAF6B}.Release|Any CPU.ActiveCfg = Release|Any CPU
		{2A12246C-6A2D-4C3E-B921-5F94E15AAF6B}.Release|Any CPU.Build.0 = Release|Any CPU
	EndGlobalSection
	GlobalSection(SolutionProperties) = preSolution
		HideSolutionNode = FALSE
	EndGlobalSection
	GlobalSection(ExtensibilityGlobals) = postSolution
		SolutionGuid = {ECB23B52-77F4-4EB6-A527-CB5E3FE9D89E}
	EndGlobalSection
EndGlobal
